
Microsoft Visual Studio Solution File, Format Version 12.00
# Visual Studio Version 17
VisualStudioVersion = 17.10.34928.147
MinimumVisualStudioVersion = 10.0.40219.1
Project("{2150E333-8FDC-42A3-9474-1A3956D46DE8}") = "Servicio", "Servicio", "{717A9FAC-F873-4376-A5DB-3E9F16FD7D93}"
EndProject
Project("{2150E333-8FDC-42A3-9474-1A3956D46DE8}") = "Librerias", "Librerias", "{6835151F-CAE4-43E8-8D95-1B6A56E1A69F}"
EndProject
Project("{9A19103F-16F7-4668-BE54-9A1E7A4F7556}") = "Bansi.CredPC.ModificaCredito.Service.Datos", "Bansi.CredPC.ModificaCredito.Service.Datos\Bansi.CredPC.ModificaCredito.Service.Datos.csproj", "{A671059E-129F-4DD0-962D-D79B3933BDDE}"
EndProject
Project("{9A19103F-16F7-4668-BE54-9A1E7A4F7556}") = "Bansi.CredPC.ModificaCredito.Service.Modelo", "Bansi.CredPC.ModificaCredito.Service.Modelo\Bansi.CredPC.ModificaCredito.Service.Modelo.csproj", "{151B7E85-638A-4C1C-AF3C-2A4F7A90A3B1}"
EndProject
Project("{9A19103F-16F7-4668-BE54-9A1E7A4F7556}") = "Bansi.CredPC.ModificaCredito.Service.Negocio", "Bansi.CredPC.ModificaCredito.Service.Negocio\Bansi.CredPC.ModificaCredito.Service.Negocio.csproj", "{CA7BD1E3-382A-4861-95E1-427A97F54933}"
EndProject
Project("{9A19103F-16F7-4668-BE54-9A1E7A4F7556}") = "Bansi.CredPC.ModificaCredito.Service", "Bansi.CredPC.ModificaCredito.Service\Bansi.CredPC.ModificaCredito.Service.csproj", "{8FC5C50E-7DFD-433A-A43E-51F75FFFEB23}"
EndProject
Global
	GlobalSection(SolutionConfigurationPlatforms) = preSolution
		Debug|Any CPU = Debug|Any CPU
		Release|Any CPU = Release|Any CPU
	EndGlobalSection
	GlobalSection(ProjectConfigurationPlatforms) = postSolution
		{A671059E-129F-4DD0-962D-D79B3933BDDE}.Debug|Any CPU.ActiveCfg = Debug|Any CPU
		{A671059E-129F-4DD0-962D-D79B3933BDDE}.Debug|Any CPU.Build.0 = Debug|Any CPU
		{A671059E-129F-4DD0-962D-D79B3933BDDE}.Release|Any CPU.ActiveCfg = Release|Any CPU
		{A671059E-129F-4DD0-962D-D79B3933BDDE}.Release|Any CPU.Build.0 = Release|Any CPU
		{151B7E85-638A-4C1C-AF3C-2A4F7A90A3B1}.Debug|Any CPU.ActiveCfg = Debug|Any CPU
		{151B7E85-638A-4C1C-AF3C-2A4F7A90A3B1}.Debug|Any CPU.Build.0 = Debug|Any CPU
		{151B7E85-638A-4C1C-AF3C-2A4F7A90A3B1}.Release|Any CPU.ActiveCfg = Release|Any CPU
		{151B7E85-638A-4C1C-AF3C-2A4F7A90A3B1}.Release|Any CPU.Build.0 = Release|Any CPU
		{CA7BD1E3-382A-4861-95E1-427A97F54933}.Debug|Any CPU.ActiveCfg = Debug|Any CPU
		{CA7BD1E3-382A-4861-95E1-427A97F54933}.Debug|Any CPU.Build.0 = Debug|Any CPU
		{CA7BD1E3-382A-4861-95E1-427A97F54933}.Release|Any CPU.ActiveCfg = Release|Any CPU
		{CA7BD1E3-382A-4861-95E1-427A97F54933}.Release|Any CPU.Build.0 = Release|Any CPU
		{8FC5C50E-7DFD-433A-A43E-51F75FFFEB23}.Debug|Any CPU.ActiveCfg = Debug|Any CPU
		{8FC5C50E-7DFD-433A-A43E-51F75FFFEB23}.Debug|Any CPU.Build.0 = Debug|Any CPU
		{8FC5C50E-7DFD-433A-A43E-51F75FFFEB23}.Release|Any CPU.ActiveCfg = Release|Any CPU
		{8FC5C50E-7DFD-433A-A43E-51F75FFFEB23}.Release|Any CPU.Build.0 = Release|Any CPU
	EndGlobalSection
	GlobalSection(SolutionProperties) = preSolution
		HideSolutionNode = FALSE
	EndGlobalSection
	GlobalSection(NestedProjects) = preSolution
		{A671059E-129F-4DD0-962D-D79B3933BDDE} = {6835151F-CAE4-43E8-8D95-1B6A56E1A69F}
		{151B7E85-638A-4C1C-AF3C-2A4F7A90A3B1} = {6835151F-CAE4-43E8-8D95-1B6A56E1A69F}
		{CA7BD1E3-382A-4861-95E1-427A97F54933} = {6835151F-CAE4-43E8-8D95-1B6A56E1A69F}
		{8FC5C50E-7DFD-433A-A43E-51F75FFFEB23} = {717A9FAC-F873-4376-A5DB-3E9F16FD7D93}
	EndGlobalSection
	GlobalSection(ExtensibilityGlobals) = postSolution
		SolutionGuid = {A6902DF7-A62C-40B7-916B-E87DD93D2B63}
	EndGlobalSection
EndGlobal
